
Microsoft Visual Studio Solution File, Format Version 12.00
# Visual Studio 15
VisualStudioVersion = 15.0.28307.757
MinimumVisualStudioVersion = 10.0.40219.1
Project("{FAE04EC0-301F-11D3-BF4B-00C04F79EFBC}") = "VidlyByYo", "VidlyByYo\VidlyByYo.csproj", "{C09DF551-D299-474F-9890-7A6C4FD62EDA}"
EndProject
Global
	GlobalSection(SolutionConfigurationPlatforms) = preSolution
		Debug|Any CPU = Debug|Any CPU
		Release|Any CPU = Release|Any CPU
	EndGlobalSection
	GlobalSection(ProjectConfigurationPlatforms) = postSolution
		{C09DF551-D299-474F-9890-7A6C4FD62EDA}.Debug|Any CPU.ActiveCfg = Debug|Any CPU
		{C09DF551-D299-474F-9890-7A6C4FD62EDA}.Debug|Any CPU.Build.0 = Debug|Any CPU
		{C09DF551-D299-474F-9890-7A6C4FD62EDA}.Release|Any CPU.ActiveCfg = Release|Any CPU
		{C09DF551-D299-474F-9890-7A6C4FD62EDA}.Release|Any CPU.Build.0 = Release|Any CPU
	EndGlobalSection
	GlobalSection(SolutionProperties) = preSolution
		HideSolutionNode = FALSE
	EndGlobalSection
	GlobalSection(ExtensibilityGlobals) = postSolution
		SolutionGuid = {5DD90438-30D2-49E4-93F1-5FA5C4D626C1}
	EndGlobalSection
EndGlobal
